
Microsoft Visual Studio Solution File, Format Version 12.00
# Visual Studio Version 16
VisualStudioVersion = 16.0.30225.117
MinimumVisualStudioVersion = 10.0.40219.1
Project("{FAE04EC0-301F-11D3-BF4B-00C04F79EFBC}") = "MicrosoftGraphAPIMessage", "MicrosoftGraphAPIMessage\MicrosoftGraphAPIMessage.csproj", "{47FDCF90-8B3D-475F-A757-82199EB7F2A0}"
EndProject
Project("{FAE04EC0-301F-11D3-BF4B-00C04F79EFBC}") = "Integrations", "Integrations\Integrations.csproj", "{EEE67989-B82F-42D5-8BC6-D91D306773F8}"
EndProject
Global
	GlobalSection(SolutionConfigurationPlatforms) = preSolution
		Debug|Any CPU = Debug|Any CPU
		Release|Any CPU = Release|Any CPU
	EndGlobalSection
	GlobalSection(ProjectConfigurationPlatforms) = postSolution
		{47FDCF90-8B3D-475F-A757-82199EB7F2A0}.Debug|Any CPU.ActiveCfg = Debug|Any CPU
		{47FDCF90-8B3D-475F-A757-82199EB7F2A0}.Debug|Any CPU.Build.0 = Debug|Any CPU
		{47FDCF90-8B3D-475F-A757-82199EB7F2A0}.Release|Any CPU.ActiveCfg = Release|Any CPU
		{47FDCF90-8B3D-475F-A757-82199EB7F2A0}.Release|Any CPU.Build.0 = Release|Any CPU
		{EEE67989-B82F-42D5-8BC6-D91D306773F8}.Debug|Any CPU.ActiveCfg = Debug|Any CPU
		{EEE67989-B82F-42D5-8BC6-D91D306773F8}.Debug|Any CPU.Build.0 = Debug|Any CPU
		{EEE67989-B82F-42D5-8BC6-D91D306773F8}.Release|Any CPU.ActiveCfg = Release|Any CPU
		{EEE67989-B82F-42D5-8BC6-D91D306773F8}.Release|Any CPU.Build.0 = Release|Any CPU
	EndGlobalSection
	GlobalSection(SolutionProperties) = preSolution
		HideSolutionNode = FALSE
	EndGlobalSection
	GlobalSection(ExtensibilityGlobals) = postSolution
		SolutionGuid = {25AFB8F7-B5E4-4CED-9E32-A9A1FECD4A96}
	EndGlobalSection
EndGlobal
